
Microsoft Visual Studio Solution File, Format Version 12.00
# Visual Studio Version 16
VisualStudioVersion = 16.0.30105.148
MinimumVisualStudioVersion = 10.0.40219.1
Project("{FAE04EC0-301F-11D3-BF4B-00C04F79EFBC}") = "Abbybot-III", "Abbybot-III.csproj", "{5790D981-4E97-44F8-91A8-7FCCC50B5D16}"
EndProject
Global
	GlobalSection(SolutionConfigurationPlatforms) = preSolution
		Debug|Any CPU = Debug|Any CPU
		Release|Any CPU = Release|Any CPU
	EndGlobalSection
	GlobalSection(ProjectConfigurationPlatforms) = postSolution
		{5790D981-4E97-44F8-91A8-7FCCC50B5D16}.Debug|Any CPU.ActiveCfg = Debug|Any CPU
		{5790D981-4E97-44F8-91A8-7FCCC50B5D16}.Debug|Any CPU.Build.0 = Debug|Any CPU
		{5790D981-4E97-44F8-91A8-7FCCC50B5D16}.Release|Any CPU.ActiveCfg = Release|Any CPU
		{5790D981-4E97-44F8-91A8-7FCCC50B5D16}.Release|Any CPU.Build.0 = Release|Any CPU
	EndGlobalSection
	GlobalSection(SolutionProperties) = preSolution
		HideSolutionNode = FALSE
	EndGlobalSection
	GlobalSection(ExtensibilityGlobals) = postSolution
		SolutionGuid = {6A325628-2B77-4FA6-A1EF-3786265FD75B}
	EndGlobalSection
EndGlobal
